
Microsoft Visual Studio Solution File, Format Version 12.00
# Visual Studio 14
VisualStudioVersion = 14.0.25420.1
MinimumVisualStudioVersion = 10.0.40219.1
Project("{FAE04EC0-301F-11D3-BF4B-00C04F79EFBC}") = "WebForm", "WebForm\WebForm.csproj", "{6F866215-6072-45D5-B1BA-7F70E6253E81}"
EndProject
Project("{FAE04EC0-301F-11D3-BF4B-00C04F79EFBC}") = "WebFormApi", "..\WebFormApi\WebFormApi.csproj", "{4D6F34FE-BFC5-43A9-9742-95A46B5A4AE6}"
EndProject
Global
	GlobalSection(SolutionConfigurationPlatforms) = preSolution
		Debug|Any CPU = Debug|Any CPU
		Release|Any CPU = Release|Any CPU
	EndGlobalSection
	GlobalSection(ProjectConfigurationPlatforms) = postSolution
		{6F866215-6072-45D5-B1BA-7F70E6253E81}.Debug|Any CPU.ActiveCfg = Debug|Any CPU
		{6F866215-6072-45D5-B1BA-7F70E6253E81}.Debug|Any CPU.Build.0 = Debug|Any CPU
		{6F866215-6072-45D5-B1BA-7F70E6253E81}.Release|Any CPU.ActiveCfg = Release|Any CPU
		{6F866215-6072-45D5-B1BA-7F70E6253E81}.Release|Any CPU.Build.0 = Release|Any CPU
		{4D6F34FE-BFC5-43A9-9742-95A46B5A4AE6}.Debug|Any CPU.ActiveCfg = Debug|Any CPU
		{4D6F34FE-BFC5-43A9-9742-95A46B5A4AE6}.Debug|Any CPU.Build.0 = Debug|Any CPU
		{4D6F34FE-BFC5-43A9-9742-95A46B5A4AE6}.Release|Any CPU.ActiveCfg = Release|Any CPU
		{4D6F34FE-BFC5-43A9-9742-95A46B5A4AE6}.Release|Any CPU.Build.0 = Release|Any CPU
	EndGlobalSection
	GlobalSection(SolutionProperties) = preSolution
		HideSolutionNode = FALSE
	EndGlobalSection
EndGlobal
